{
  "version": 4,
  "terraform_version": "1.11.3",
  "serial": 25,
  "lineage": "531d253e-2327-ff78-7908-945afe940ee7",
  "outputs": {},
  "resources": [
    {
      "mode": "managed",
      "type": "azurerm_mssql_server",
      "name": "doc2markdown_sql_server",
      "provider": "provider[\"registry.terraform.io/hashicorp/azurerm\"]",
      "instances": [
        {
          "status": "tainted",
          "schema_version": 0,
          "attributes": {
            "administrator_login": "miservidorsql25",
            "administrator_login_password": "JaimeUpt2025",
            "azuread_administrator": [],
            "connection_policy": "Default",
            "fully_qualified_domain_name": "newsqlserverdoc2markdown.database.windows.net",
            "id": "/subscriptions/d542c8f7-209d-484b-acfe-b93d6829d00f/resourceGroups/rg-doc2markdown/providers/Microsoft.Sql/servers/newsqlserverdoc2markdown",
            "identity": [
              {
                "identity_ids": null,
                "principal_id": "a370703a-1c6e-469f-ba3b-b3d0101de429",
                "tenant_id": "93ded5ba-cc60-4df8-8001-98dddd39ab56",
                "type": "SystemAssigned"
              }
            ],
            "location": "eastus2",
            "minimum_tls_version": "1.2",
            "name": "newsqlserverdoc2markdown",
            "outbound_network_restriction_enabled": false,
            "primary_user_assigned_identity_id": "",
            "public_network_access_enabled": true,
            "resource_group_name": "rg-doc2markdown",
            "restorable_dropped_database_ids": null,
            "tags": null,
            "timeouts": null,
            "transparent_data_encryption_key_vault_key_id": "",
            "version": "12.0"
          },
          "sensitive_attributes": [
            [
              {
                "type": "get_attr",
                "value": "administrator_login_password"
              }
            ]
          ],
          "private": "eyJlMmJmYjczMC1lY2FhLTExZTYtOGY4OC0zNDM2M2JjN2M0YzAiOnsiY3JlYXRlIjozNjAwMDAwMDAwMDAwLCJkZWxldGUiOjM2MDAwMDAwMDAwMDAsInJlYWQiOjMwMDAwMDAwMDAwMCwidXBkYXRlIjozNjAwMDAwMDAwMDAwfX0=",
          "dependencies": [
            "azurerm_resource_group.doc2markdown_rg"
          ]
        }
      ]
    },
    {
      "mode": "managed",
      "type": "azurerm_resource_group",
      "name": "doc2markdown_rg",
      "provider": "provider[\"registry.terraform.io/hashicorp/azurerm\"]",
      "instances": [
        {
          "schema_version": 0,
          "attributes": {
            "id": "/subscriptions/d542c8f7-209d-484b-acfe-b93d6829d00f/resourceGroups/rg-doc2markdown",
            "location": "eastus2",
            "managed_by": "",
            "name": "rg-doc2markdown",
            "tags": {},
            "timeouts": null
          },
          "sensitive_attributes": [],
          "private": "eyJlMmJmYjczMC1lY2FhLTExZTYtOGY4OC0zNDM2M2JjN2M0YzAiOnsiY3JlYXRlIjo1NDAwMDAwMDAwMDAwLCJkZWxldGUiOjU0MDAwMDAwMDAwMDAsInJlYWQiOjMwMDAwMDAwMDAwMCwidXBkYXRlIjo1NDAwMDAwMDAwMDAwfX0="
        }
      ]
    }
  ],
  "check_results": null
}
