{
  "version": 4,
  "terraform_version": "1.11.3",
  "serial": 33,
  "lineage": "531d253e-2327-ff78-7908-945afe940ee7",
  "outputs": {},
  "resources": [
    {
      "mode": "managed",
      "type": "azurerm_app_service",
      "name": "doc2markdown_app_service_jknew",
      "provider": "provider[\"registry.terraform.io/hashicorp/azurerm\"]",
      "instances": [
        {
          "schema_version": 0,
          "attributes": {
            "app_service_plan_id": "/subscriptions/d542c8f7-209d-484b-acfe-b93d6829d00f/resourceGroups/rgdoc2markdownjknew/providers/Microsoft.Web/serverFarms/newdoc2markdownappserviceplanjknew",
            "app_settings": {
              "SECRET_KEY": "mWJkMUtLpXO~\u003eQlhu|iLj~=%C,T/?fsZ",
              "SQL_DATABASE": "newdbdoc2markdownjknew",
              "SQL_PASSWORD": "JaimeUpt2025",
              "SQL_SERVER": "newsqlserverdoc2markdownjknew",
              "SQL_USERNAME": "miservidorsql25"
            },
            "auth_settings": [
              {
                "active_directory": [],
                "additional_login_params": {},
                "allowed_external_redirect_urls": [],
                "default_provider": "",
                "enabled": false,
                "facebook": [],
                "google": [],
                "issuer": "",
                "microsoft": [],
                "runtime_version": "",
                "token_refresh_extension_hours": 0,
                "token_store_enabled": false,
                "twitter": [],
                "unauthenticated_client_action": ""
              }
            ],
            "backup": [],
            "client_affinity_enabled": false,
            "client_cert_enabled": false,
            "client_cert_mode": "Required",
            "connection_string": [
              {
                "name": "db_connection_string",
                "type": "SQLAzure",
                "value": "Server=tcp:newsqlserverdoc2markdownjknew.database.windows.net,1433;Database=newdbdoc2markdownjknew;User ID=miservidorsql25;Password=JaimeUpt2025;Encrypt=true;TrustServerCertificate=false;"
              }
            ],
            "custom_domain_verification_id": "46B2E19F50FD751ED9A53881C17719D7CA683EDD05351FE5B46A90A9F56B1C4C",
            "default_site_hostname": "newdoc2markdownwebappjknew.azurewebsites.net",
            "enabled": true,
            "https_only": false,
            "id": "/subscriptions/d542c8f7-209d-484b-acfe-b93d6829d00f/resourceGroups/rgdoc2markdownjknew/providers/Microsoft.Web/sites/newdoc2markdownwebappjknew",
            "identity": [],
            "key_vault_reference_identity_id": "SystemAssigned",
            "location": "eastus2",
            "logs": [
              {
                "application_logs": [
                  {
                    "azure_blob_storage": [],
                    "file_system_level": "Off"
                  }
                ],
                "detailed_error_messages_enabled": false,
                "failed_request_tracing_enabled": false,
                "http_logs": [
                  {
                    "azure_blob_storage": [],
                    "file_system": []
                  }
                ]
              }
            ],
            "name": "newdoc2markdownwebappjknew",
            "outbound_ip_address_list": [
              "20.65.31.44",
              "20.186.164.127",
              "20.186.165.89",
              "20.186.165.197",
              "20.186.166.66",
              "20.186.166.150",
              "20.119.144.4"
            ],
            "outbound_ip_addresses": "20.65.31.44,20.186.164.127,20.186.165.89,20.186.165.197,20.186.166.66,20.186.166.150,20.119.144.4",
            "possible_outbound_ip_address_list": [
              "20.65.31.44",
              "20.186.164.127",
              "20.186.165.89",
              "20.186.165.197",
              "20.186.166.66",
              "20.186.166.150",
              "20.186.166.168",
              "20.186.166.171",
              "20.186.166.225",
              "20.186.166.232",
              "20.186.167.14",
              "20.186.167.97",
              "20.186.167.120",
              "20.186.167.140",
              "20.186.167.184",
              "20.186.167.212",
              "20.186.167.218",
              "20.186.167.223",
              "20.186.167.235",
              "20.186.167.245",
              "20.186.167.251",
              "20.186.167.253",
              "20.97.144.19",
              "20.97.144.46",
              "20.119.144.4"
            ],
            "possible_outbound_ip_addresses": "20.65.31.44,20.186.164.127,20.186.165.89,20.186.165.197,20.186.166.66,20.186.166.150,20.186.166.168,20.186.166.171,20.186.166.225,20.186.166.232,20.186.167.14,20.186.167.97,20.186.167.120,20.186.167.140,20.186.167.184,20.186.167.212,20.186.167.218,20.186.167.223,20.186.167.235,20.186.167.245,20.186.167.251,20.186.167.253,20.97.144.19,20.97.144.46,20.119.144.4",
            "resource_group_name": "rgdoc2markdownjknew",
            "site_config": [
              {
                "acr_use_managed_identity_credentials": false,
                "acr_user_managed_identity_client_id": "",
                "always_on": false,
                "app_command_line": "",
                "auto_swap_slot_name": "",
                "cors": [
                  {
                    "allowed_origins": [],
                    "support_credentials": false
                  }
                ],
                "default_documents": null,
                "dotnet_framework_version": "v4.0",
                "ftps_state": "FtpsOnly",
                "health_check_path": "",
                "http2_enabled": false,
                "ip_restriction": [],
                "java_container": "",
                "java_container_version": "",
                "java_version": "",
                "linux_fx_version": "PYTHON|3.8",
                "local_mysql_enabled": false,
                "managed_pipeline_mode": "Integrated",
                "min_tls_version": "1.2",
                "number_of_workers": 1,
                "php_version": "",
                "python_version": "",
                "remote_debugging_enabled": false,
                "remote_debugging_version": "VS2022",
                "scm_ip_restriction": [],
                "scm_type": "None",
                "scm_use_main_ip_restriction": false,
                "use_32_bit_worker_process": false,
                "vnet_route_all_enabled": false,
                "websockets_enabled": false,
                "windows_fx_version": ""
              }
            ],
            "site_credential": [
              {
                "password": "z6tHFx5a2xPdSpYRZ0ZSlt2yvPtHpHA2lnZnt2PsjKv2T5lY3qSxLeHcBTte",
                "username": "$newdoc2markdownwebappjknew"
              }
            ],
            "source_control": [
              {
                "branch": "main",
                "manual_integration": false,
                "repo_url": "",
                "rollback_enabled": false,
                "use_mercurial": false
              }
            ],
            "storage_account": [],
            "tags": null,
            "timeouts": null
          },
          "sensitive_attributes": [
            [
              {
                "type": "get_attr",
                "value": "connection_string"
              }
            ],
            [
              {
                "type": "get_attr",
                "value": "app_settings"
              },
              {
                "type": "index",
                "value": {
                  "value": "SECRET_KEY",
                  "type": "string"
                }
              }
            ],
            [
              {
                "type": "get_attr",
                "value": "app_settings"
              },
              {
                "type": "index",
                "value": {
                  "value": "SQL_PASSWORD",
                  "type": "string"
                }
              }
            ]
          ],
          "private": "eyJlMmJmYjczMC1lY2FhLTExZTYtOGY4OC0zNDM2M2JjN2M0YzAiOnsiY3JlYXRlIjoxODAwMDAwMDAwMDAwLCJkZWxldGUiOjE4MDAwMDAwMDAwMDAsInJlYWQiOjMwMDAwMDAwMDAwMCwidXBkYXRlIjoxODAwMDAwMDAwMDAwfX0=",
          "dependencies": [
            "azurerm_mssql_database.doc2markdown_db_jknew",
            "azurerm_mssql_server.doc2markdown_sql_server_jknew",
            "azurerm_resource_group.doc2markdown_rg_jknew",
            "azurerm_service_plan.doc2markdown_app_service_plan_jknew"
          ]
        }
      ]
    },
    {
      "mode": "managed",
      "type": "azurerm_mssql_database",
      "name": "doc2markdown_db_jknew",
      "provider": "provider[\"registry.terraform.io/hashicorp/azurerm\"]",
      "instances": [
        {
          "schema_version": 1,
          "attributes": {
            "auto_pause_delay_in_minutes": 60,
            "collation": "SQL_Latin1_General_CP1_CI_AS",
            "create_mode": "Default",
            "creation_source_database_id": null,
            "elastic_pool_id": "",
            "enclave_type": "",
            "geo_backup_enabled": true,
            "id": "/subscriptions/d542c8f7-209d-484b-acfe-b93d6829d00f/resourceGroups/rgdoc2markdownjknew/providers/Microsoft.Sql/servers/newsqlserverdoc2markdownjknew/databases/newdbdoc2markdownjknew",
            "identity": [],
            "import": [],
            "ledger_enabled": false,
            "license_type": "",
            "long_term_retention_policy": [
              {
                "immutable_backups_enabled": false,
                "monthly_retention": "PT0S",
                "week_of_year": 1,
                "weekly_retention": "PT0S",
                "yearly_retention": "PT0S"
              }
            ],
            "maintenance_configuration_name": "SQL_Default",
            "max_size_gb": 32,
            "min_capacity": 0.5,
            "name": "newdbdoc2markdownjknew",
            "read_replica_count": 0,
            "read_scale": false,
            "recover_database_id": null,
            "recovery_point_id": null,
            "restore_dropped_database_id": null,
            "restore_long_term_retention_backup_id": null,
            "restore_point_in_time": null,
            "sample_name": null,
            "secondary_type": "",
            "server_id": "/subscriptions/d542c8f7-209d-484b-acfe-b93d6829d00f/resourceGroups/rgdoc2markdownjknew/providers/Microsoft.Sql/servers/newsqlserverdoc2markdownjknew",
            "short_term_retention_policy": [
              {
                "backup_interval_in_hours": 12,
                "retention_days": 7
              }
            ],
            "sku_name": "GP_S_Gen5_2",
            "storage_account_type": "Local",
            "tags": null,
            "threat_detection_policy": [
              {
                "disabled_alerts": [],
                "email_account_admins": "Disabled",
                "email_addresses": [],
                "retention_days": 0,
                "state": "Disabled",
                "storage_account_access_key": "",
                "storage_endpoint": ""
              }
            ],
            "timeouts": null,
            "transparent_data_encryption_enabled": true,
            "transparent_data_encryption_key_automatic_rotation_enabled": false,
            "transparent_data_encryption_key_vault_key_id": "",
            "zone_redundant": false
          },
          "sensitive_attributes": [
            [
              {
                "type": "get_attr",
                "value": "threat_detection_policy"
              },
              {
                "type": "index",
                "value": {
                  "value": 0,
                  "type": "number"
                }
              },
              {
                "type": "get_attr",
                "value": "storage_account_access_key"
              }
            ]
          ],
          "private": "eyJlMmJmYjczMC1lY2FhLTExZTYtOGY4OC0zNDM2M2JjN2M0YzAiOnsiY3JlYXRlIjozNjAwMDAwMDAwMDAwLCJkZWxldGUiOjM2MDAwMDAwMDAwMDAsInJlYWQiOjMwMDAwMDAwMDAwMCwidXBkYXRlIjozNjAwMDAwMDAwMDAwfSwic2NoZW1hX3ZlcnNpb24iOiIxIn0=",
          "dependencies": [
            "azurerm_mssql_server.doc2markdown_sql_server_jknew",
            "azurerm_resource_group.doc2markdown_rg_jknew"
          ]
        }
      ]
    },
    {
      "mode": "managed",
      "type": "azurerm_mssql_firewall_rule",
      "name": "allow_azure_services_jknew",
      "provider": "provider[\"registry.terraform.io/hashicorp/azurerm\"]",
      "instances": [
        {
          "schema_version": 0,
          "attributes": {
            "end_ip_address": "0.0.0.0",
            "id": "/subscriptions/d542c8f7-209d-484b-acfe-b93d6829d00f/resourceGroups/rgdoc2markdownjknew/providers/Microsoft.Sql/servers/newsqlserverdoc2markdownjknew/firewallRules/AllowAzureServicesjknew",
            "name": "AllowAzureServicesjknew",
            "server_id": "/subscriptions/d542c8f7-209d-484b-acfe-b93d6829d00f/resourceGroups/rgdoc2markdownjknew/providers/Microsoft.Sql/servers/newsqlserverdoc2markdownjknew",
            "start_ip_address": "0.0.0.0",
            "timeouts": null
          },
          "sensitive_attributes": [],
          "private": "eyJlMmJmYjczMC1lY2FhLTExZTYtOGY4OC0zNDM2M2JjN2M0YzAiOnsiY3JlYXRlIjoxODAwMDAwMDAwMDAwLCJkZWxldGUiOjE4MDAwMDAwMDAwMDAsInJlYWQiOjMwMDAwMDAwMDAwMCwidXBkYXRlIjoxODAwMDAwMDAwMDAwfX0=",
          "dependencies": [
            "azurerm_mssql_server.doc2markdown_sql_server_jknew",
            "azurerm_resource_group.doc2markdown_rg_jknew"
          ]
        }
      ]
    },
    {
      "mode": "managed",
      "type": "azurerm_mssql_server",
      "name": "doc2markdown_sql_server_jknew",
      "provider": "provider[\"registry.terraform.io/hashicorp/azurerm\"]",
      "instances": [
        {
          "schema_version": 0,
          "attributes": {
            "administrator_login": "miservidorsql25",
            "administrator_login_password": "JaimeUpt2025",
            "azuread_administrator": [],
            "connection_policy": "Default",
            "fully_qualified_domain_name": "newsqlserverdoc2markdownjknew.database.windows.net",
            "id": "/subscriptions/d542c8f7-209d-484b-acfe-b93d6829d00f/resourceGroups/rgdoc2markdownjknew/providers/Microsoft.Sql/servers/newsqlserverdoc2markdownjknew",
            "identity": [
              {
                "identity_ids": null,
                "principal_id": "b3fe319d-bbd3-46ed-850b-65b0a5fb7fda",
                "tenant_id": "93ded5ba-cc60-4df8-8001-98dddd39ab56",
                "type": "SystemAssigned"
              }
            ],
            "location": "eastus2",
            "minimum_tls_version": "1.2",
            "name": "newsqlserverdoc2markdownjknew",
            "outbound_network_restriction_enabled": false,
            "primary_user_assigned_identity_id": "",
            "public_network_access_enabled": true,
            "resource_group_name": "rgdoc2markdownjknew",
            "restorable_dropped_database_ids": [],
            "tags": null,
            "timeouts": null,
            "transparent_data_encryption_key_vault_key_id": "",
            "version": "12.0"
          },
          "sensitive_attributes": [
            [
              {
                "type": "get_attr",
                "value": "administrator_login_password"
              }
            ]
          ],
          "private": "eyJlMmJmYjczMC1lY2FhLTExZTYtOGY4OC0zNDM2M2JjN2M0YzAiOnsiY3JlYXRlIjozNjAwMDAwMDAwMDAwLCJkZWxldGUiOjM2MDAwMDAwMDAwMDAsInJlYWQiOjMwMDAwMDAwMDAwMCwidXBkYXRlIjozNjAwMDAwMDAwMDAwfX0=",
          "dependencies": [
            "azurerm_resource_group.doc2markdown_rg_jknew"
          ]
        }
      ]
    },
    {
      "mode": "managed",
      "type": "azurerm_resource_group",
      "name": "doc2markdown_rg_jknew",
      "provider": "provider[\"registry.terraform.io/hashicorp/azurerm\"]",
      "instances": [
        {
          "schema_version": 0,
          "attributes": {
            "id": "/subscriptions/d542c8f7-209d-484b-acfe-b93d6829d00f/resourceGroups/rgdoc2markdownjknew",
            "location": "eastus2",
            "managed_by": "",
            "name": "rgdoc2markdownjknew",
            "tags": null,
            "timeouts": null
          },
          "sensitive_attributes": [],
          "private": "eyJlMmJmYjczMC1lY2FhLTExZTYtOGY4OC0zNDM2M2JjN2M0YzAiOnsiY3JlYXRlIjo1NDAwMDAwMDAwMDAwLCJkZWxldGUiOjU0MDAwMDAwMDAwMDAsInJlYWQiOjMwMDAwMDAwMDAwMCwidXBkYXRlIjo1NDAwMDAwMDAwMDAwfX0="
        }
      ]
    },
    {
      "mode": "managed",
      "type": "azurerm_service_plan",
      "name": "doc2markdown_app_service_plan_jknew",
      "provider": "provider[\"registry.terraform.io/hashicorp/azurerm\"]",
      "instances": [
        {
          "schema_version": 1,
          "attributes": {
            "app_service_environment_id": "",
            "id": "/subscriptions/d542c8f7-209d-484b-acfe-b93d6829d00f/resourceGroups/rgdoc2markdownjknew/providers/Microsoft.Web/serverFarms/newdoc2markdownappserviceplanjknew",
            "kind": "linux",
            "location": "eastus2",
            "maximum_elastic_worker_count": 1,
            "name": "newdoc2markdownappserviceplanjknew",
            "os_type": "Linux",
            "per_site_scaling_enabled": false,
            "reserved": true,
            "resource_group_name": "rgdoc2markdownjknew",
            "sku_name": "B1",
            "tags": null,
            "timeouts": null,
            "worker_count": 1,
            "zone_balancing_enabled": false
          },
          "sensitive_attributes": [],
          "private": "eyJlMmJmYjczMC1lY2FhLTExZTYtOGY4OC0zNDM2M2JjN2M0YzAiOnsiY3JlYXRlIjozNjAwMDAwMDAwMDAwLCJkZWxldGUiOjM2MDAwMDAwMDAwMDAsInJlYWQiOjMwMDAwMDAwMDAwMCwidXBkYXRlIjozNjAwMDAwMDAwMDAwfSwic2NoZW1hX3ZlcnNpb24iOiIxIn0=",
          "dependencies": [
            "azurerm_resource_group.doc2markdown_rg_jknew"
          ]
        }
      ]
    }
  ],
  "check_results": null
}
